
Microsoft Visual Studio Solution File, Format Version 12.00
# Visual Studio Version 16
VisualStudioVersion = 16.0.31129.286
MinimumVisualStudioVersion = 10.0.40219.1
Project("{9A19103F-16F7-4668-BE54-9A1E7A4F7556}") = "WikipediaPlaylistParser", "test task\WikipediaPlaylistParser.csproj", "{4AF72C6B-EFA6-4A00-903E-1C05E3D260D9}"
EndProject
Global
	GlobalSection(SolutionConfigurationPlatforms) = preSolution
		Debug|Any CPU = Debug|Any CPU
		Release|Any CPU = Release|Any CPU
	EndGlobalSection
	GlobalSection(ProjectConfigurationPlatforms) = postSolution
		{4AF72C6B-EFA6-4A00-903E-1C05E3D260D9}.Debug|Any CPU.ActiveCfg = Debug|Any CPU
		{4AF72C6B-EFA6-4A00-903E-1C05E3D260D9}.Debug|Any CPU.Build.0 = Debug|Any CPU
		{4AF72C6B-EFA6-4A00-903E-1C05E3D260D9}.Release|Any CPU.ActiveCfg = Release|Any CPU
		{4AF72C6B-EFA6-4A00-903E-1C05E3D260D9}.Release|Any CPU.Build.0 = Release|Any CPU
	EndGlobalSection
	GlobalSection(SolutionProperties) = preSolution
		HideSolutionNode = FALSE
	EndGlobalSection
	GlobalSection(ExtensibilityGlobals) = postSolution
		SolutionGuid = {B1E5E590-4D76-4F4F-AA8C-F45F33A730D8}
	EndGlobalSection
EndGlobal
